// !$*UTF8*$!
{
	archiveVersion = 1;
	classes = {
	};
	objectVersion = 46;
	objects = {

/* Begin PBXAggregateTarget section */
		"NatParkSwiftKit::NatParkSwiftKitPackageTests::ProductTarget" /* NatParkSwiftKitPackageTests */ = {
			isa = PBXAggregateTarget;
			buildConfigurationList = OBJ_69 /* Build configuration list for PBXAggregateTarget "NatParkSwiftKitPackageTests" */;
			buildPhases = (
			);
			dependencies = (
				OBJ_72 /* PBXTargetDependency */,
			);
			name = NatParkSwiftKitPackageTests;
			productName = NatParkSwiftKitPackageTests;
		};
/* End PBXAggregateTarget section */

/* Begin PBXBuildFile section */
		8AED845A23E1A80C002A9380 /* ParkTests.swift in Sources */ = {isa = PBXBuildFile; fileRef = 8AED845923E1A80C002A9380 /* ParkTests.swift */; };
		OBJ_45 /* DataService.swift in Sources */ = {isa = PBXBuildFile; fileRef = OBJ_9 /* DataService.swift */; };
		OBJ_46 /* DataServiceError.swift in Sources */ = {isa = PBXBuildFile; fileRef = OBJ_10 /* DataServiceError.swift */; };
		OBJ_47 /* Internal.swift in Sources */ = {isa = PBXBuildFile; fileRef = OBJ_12 /* Internal.swift */; };
		OBJ_48 /* RequestUrlFactory.swift in Sources */ = {isa = PBXBuildFile; fileRef = OBJ_13 /* RequestUrlFactory.swift */; };
		OBJ_49 /* Alert.swift in Sources */ = {isa = PBXBuildFile; fileRef = OBJ_15 /* Alert.swift */; };
		OBJ_50 /* Asset.swift in Sources */ = {isa = PBXBuildFile; fileRef = OBJ_16 /* Asset.swift */; };
		OBJ_51 /* Fee.swift in Sources */ = {isa = PBXBuildFile; fileRef = OBJ_17 /* Fee.swift */; };
		OBJ_52 /* NewsRelease.swift in Sources */ = {isa = PBXBuildFile; fileRef = OBJ_18 /* NewsRelease.swift */; };
		OBJ_53 /* NpsImage.swift in Sources */ = {isa = PBXBuildFile; fileRef = OBJ_19 /* NpsImage.swift */; };
		OBJ_54 /* Park.swift in Sources */ = {isa = PBXBuildFile; fileRef = OBJ_20 /* Park.swift */; };
		OBJ_55 /* ParkCodeConstants.swift in Sources */ = {isa = PBXBuildFile; fileRef = OBJ_21 /* ParkCodeConstants.swift */; };
		OBJ_56 /* ParkUnitDesignation.swift in Sources */ = {isa = PBXBuildFile; fileRef = OBJ_22 /* ParkUnitDesignation.swift */; };
		OBJ_57 /* RequestOption.swift in Sources */ = {isa = PBXBuildFile; fileRef = OBJ_23 /* RequestOption.swift */; };
		OBJ_58 /* RequestableField.swift in Sources */ = {isa = PBXBuildFile; fileRef = OBJ_24 /* RequestableField.swift */; };
		OBJ_59 /* StateInUSA.swift in Sources */ = {isa = PBXBuildFile; fileRef = OBJ_25 /* StateInUSA.swift */; };
		OBJ_60 /* VisitorCenter.swift in Sources */ = {isa = PBXBuildFile; fileRef = OBJ_26 /* VisitorCenter.swift */; };
		OBJ_67 /* Package.swift in Sources */ = {isa = PBXBuildFile; fileRef = OBJ_6 /* Package.swift */; };
		OBJ_78 /* DataServiceTests.swift in Sources */ = {isa = PBXBuildFile; fileRef = OBJ_29 /* DataServiceTests.swift */; };
		OBJ_79 /* ParkUnitDesignationTests.swift in Sources */ = {isa = PBXBuildFile; fileRef = OBJ_30 /* ParkUnitDesignationTests.swift */; };
		OBJ_80 /* StateInUSATests.swift in Sources */ = {isa = PBXBuildFile; fileRef = OBJ_31 /* StateInUSATests.swift */; };
		OBJ_81 /* XCTestManifests.swift in Sources */ = {isa = PBXBuildFile; fileRef = OBJ_32 /* XCTestManifests.swift */; };
		OBJ_83 /* NatParkSwiftKit.framework in Frameworks */ = {isa = PBXBuildFile; fileRef = "NatParkSwiftKit::NatParkSwiftKit::Product" /* NatParkSwiftKit.framework */; };
/* End PBXBuildFile section */

/* Begin PBXContainerItemProxy section */
		8A5800C723DCA58000969D4B /* PBXContainerItemProxy */ = {
			isa = PBXContainerItemProxy;
			containerPortal = OBJ_1 /* Project object */;
			proxyType = 1;
			remoteGlobalIDString = "NatParkSwiftKit::NatParkSwiftKit";
			remoteInfo = NatParkSwiftKit;
		};
		8A5800C823DCA58B00969D4B /* PBXContainerItemProxy */ = {
			isa = PBXContainerItemProxy;
			containerPortal = OBJ_1 /* Project object */;
			proxyType = 1;
			remoteGlobalIDString = "NatParkSwiftKit::NatParkSwiftKitTests";
			remoteInfo = NatParkSwiftKitTests;
		};
/* End PBXContainerItemProxy section */

/* Begin PBXFileReference section */
		8AED845923E1A80C002A9380 /* ParkTests.swift */ = {isa = PBXFileReference; lastKnownFileType = sourcecode.swift; path = ParkTests.swift; sourceTree = "<group>"; };
		"NatParkSwiftKit::NatParkSwiftKit::Product" /* NatParkSwiftKit.framework */ = {isa = PBXFileReference; lastKnownFileType = wrapper.framework; path = NatParkSwiftKit.framework; sourceTree = BUILT_PRODUCTS_DIR; };
		"NatParkSwiftKit::NatParkSwiftKitTests::Product" /* NatParkSwiftKitTests.xctest */ = {isa = PBXFileReference; lastKnownFileType = file; path = NatParkSwiftKitTests.xctest; sourceTree = BUILT_PRODUCTS_DIR; };
		OBJ_10 /* DataServiceError.swift */ = {isa = PBXFileReference; lastKnownFileType = sourcecode.swift; path = DataServiceError.swift; sourceTree = "<group>"; };
		OBJ_12 /* Internal.swift */ = {isa = PBXFileReference; lastKnownFileType = sourcecode.swift; path = Internal.swift; sourceTree = "<group>"; };
		OBJ_13 /* RequestUrlFactory.swift */ = {isa = PBXFileReference; lastKnownFileType = sourcecode.swift; path = RequestUrlFactory.swift; sourceTree = "<group>"; };
		OBJ_15 /* Alert.swift */ = {isa = PBXFileReference; lastKnownFileType = sourcecode.swift; path = Alert.swift; sourceTree = "<group>"; };
		OBJ_16 /* Asset.swift */ = {isa = PBXFileReference; lastKnownFileType = sourcecode.swift; path = Asset.swift; sourceTree = "<group>"; };
		OBJ_17 /* Fee.swift */ = {isa = PBXFileReference; lastKnownFileType = sourcecode.swift; path = Fee.swift; sourceTree = "<group>"; };
		OBJ_18 /* NewsRelease.swift */ = {isa = PBXFileReference; lastKnownFileType = sourcecode.swift; path = NewsRelease.swift; sourceTree = "<group>"; };
		OBJ_19 /* NpsImage.swift */ = {isa = PBXFileReference; lastKnownFileType = sourcecode.swift; path = NpsImage.swift; sourceTree = "<group>"; };
		OBJ_20 /* Park.swift */ = {isa = PBXFileReference; lastKnownFileType = sourcecode.swift; path = Park.swift; sourceTree = "<group>"; };
		OBJ_21 /* ParkCodeConstants.swift */ = {isa = PBXFileReference; lastKnownFileType = sourcecode.swift; path = ParkCodeConstants.swift; sourceTree = "<group>"; };
		OBJ_22 /* ParkUnitDesignation.swift */ = {isa = PBXFileReference; lastKnownFileType = sourcecode.swift; path = ParkUnitDesignation.swift; sourceTree = "<group>"; };
		OBJ_23 /* RequestOption.swift */ = {isa = PBXFileReference; lastKnownFileType = sourcecode.swift; path = RequestOption.swift; sourceTree = "<group>"; };
		OBJ_24 /* RequestableField.swift */ = {isa = PBXFileReference; lastKnownFileType = sourcecode.swift; path = RequestableField.swift; sourceTree = "<group>"; };
		OBJ_25 /* StateInUSA.swift */ = {isa = PBXFileReference; lastKnownFileType = sourcecode.swift; path = StateInUSA.swift; sourceTree = "<group>"; };
		OBJ_26 /* VisitorCenter.swift */ = {isa = PBXFileReference; lastKnownFileType = sourcecode.swift; path = VisitorCenter.swift; sourceTree = "<group>"; };
		OBJ_29 /* DataServiceTests.swift */ = {isa = PBXFileReference; lastKnownFileType = sourcecode.swift; path = DataServiceTests.swift; sourceTree = "<group>"; };
		OBJ_30 /* ParkUnitDesignationTests.swift */ = {isa = PBXFileReference; lastKnownFileType = sourcecode.swift; path = ParkUnitDesignationTests.swift; sourceTree = "<group>"; };
		OBJ_31 /* StateInUSATests.swift */ = {isa = PBXFileReference; lastKnownFileType = sourcecode.swift; path = StateInUSATests.swift; sourceTree = "<group>"; };
		OBJ_32 /* XCTestManifests.swift */ = {isa = PBXFileReference; lastKnownFileType = sourcecode.swift; path = XCTestManifests.swift; sourceTree = "<group>"; };
		OBJ_38 /* LICENSE */ = {isa = PBXFileReference; lastKnownFileType = text; path = LICENSE; sourceTree = "<group>"; };
		OBJ_39 /* README.md */ = {isa = PBXFileReference; lastKnownFileType = net.daringfireball.markdown; path = README.md; sourceTree = "<group>"; };
		OBJ_6 /* Package.swift */ = {isa = PBXFileReference; explicitFileType = sourcecode.swift; path = Package.swift; sourceTree = "<group>"; };
		OBJ_9 /* DataService.swift */ = {isa = PBXFileReference; lastKnownFileType = sourcecode.swift; path = DataService.swift; sourceTree = "<group>"; };
/* End PBXFileReference section */

/* Begin PBXFrameworksBuildPhase section */
		OBJ_61 /* Frameworks */ = {
			isa = PBXFrameworksBuildPhase;
			buildActionMask = 0;
			files = (
			);
			runOnlyForDeploymentPostprocessing = 0;
		};
		OBJ_82 /* Frameworks */ = {
			isa = PBXFrameworksBuildPhase;
			buildActionMask = 0;
			files = (
				OBJ_83 /* NatParkSwiftKit.framework in Frameworks */,
			);
			runOnlyForDeploymentPostprocessing = 0;
		};
/* End PBXFrameworksBuildPhase section */

/* Begin PBXGroup section */
		OBJ_11 /* Internal */ = {
			isa = PBXGroup;
			children = (
				OBJ_12 /* Internal.swift */,
				OBJ_13 /* RequestUrlFactory.swift */,
			);
			path = Internal;
			sourceTree = "<group>";
		};
		OBJ_14 /* Model */ = {
			isa = PBXGroup;
			children = (
				OBJ_15 /* Alert.swift */,
				OBJ_16 /* Asset.swift */,
				OBJ_17 /* Fee.swift */,
				OBJ_18 /* NewsRelease.swift */,
				OBJ_19 /* NpsImage.swift */,
				OBJ_20 /* Park.swift */,
				OBJ_21 /* ParkCodeConstants.swift */,
				OBJ_22 /* ParkUnitDesignation.swift */,
				OBJ_23 /* RequestOption.swift */,
				OBJ_24 /* RequestableField.swift */,
				OBJ_25 /* StateInUSA.swift */,
				OBJ_26 /* VisitorCenter.swift */,
			);
			path = Model;
			sourceTree = "<group>";
		};
		OBJ_27 /* Tests */ = {
			isa = PBXGroup;
			children = (
				OBJ_28 /* NatParkSwiftKitTests */,
			);
			name = Tests;
			sourceTree = SOURCE_ROOT;
		};
		OBJ_28 /* NatParkSwiftKitTests */ = {
			isa = PBXGroup;
			children = (
				OBJ_29 /* DataServiceTests.swift */,
				OBJ_30 /* ParkUnitDesignationTests.swift */,
				OBJ_31 /* StateInUSATests.swift */,
				OBJ_32 /* XCTestManifests.swift */,
				8AED845923E1A80C002A9380 /* ParkTests.swift */,
			);
			name = NatParkSwiftKitTests;
			path = Tests/NatParkSwiftKitTests;
			sourceTree = SOURCE_ROOT;
		};
		OBJ_33 /* Products */ = {
			isa = PBXGroup;
			children = (
				"NatParkSwiftKit::NatParkSwiftKit::Product" /* NatParkSwiftKit.framework */,
				"NatParkSwiftKit::NatParkSwiftKitTests::Product" /* NatParkSwiftKitTests.xctest */,
			);
			name = Products;
			sourceTree = BUILT_PRODUCTS_DIR;
		};
		OBJ_5 = {
			isa = PBXGroup;
			children = (
				OBJ_6 /* Package.swift */,
				OBJ_7 /* Sources */,
				OBJ_27 /* Tests */,
				OBJ_33 /* Products */,
				OBJ_38 /* LICENSE */,
				OBJ_39 /* README.md */,
			);
			sourceTree = "<group>";
		};
		OBJ_7 /* Sources */ = {
			isa = PBXGroup;
			children = (
				OBJ_8 /* NatParkSwiftKit */,
			);
			name = Sources;
			sourceTree = SOURCE_ROOT;
		};
		OBJ_8 /* NatParkSwiftKit */ = {
			isa = PBXGroup;
			children = (
				OBJ_9 /* DataService.swift */,
				OBJ_10 /* DataServiceError.swift */,
				OBJ_11 /* Internal */,
				OBJ_14 /* Model */,
			);
			name = NatParkSwiftKit;
			path = Sources/NatParkSwiftKit;
			sourceTree = SOURCE_ROOT;
		};
/* End PBXGroup section */

/* Begin PBXNativeTarget section */
		"NatParkSwiftKit::NatParkSwiftKit" /* NatParkSwiftKit */ = {
			isa = PBXNativeTarget;
			buildConfigurationList = OBJ_41 /* Build configuration list for PBXNativeTarget "NatParkSwiftKit" */;
			buildPhases = (
				OBJ_44 /* Sources */,
				OBJ_61 /* Frameworks */,
			);
			buildRules = (
			);
			dependencies = (
			);
			name = NatParkSwiftKit;
			productName = NatParkSwiftKit;
			productReference = "NatParkSwiftKit::NatParkSwiftKit::Product" /* NatParkSwiftKit.framework */;
			productType = "com.apple.product-type.framework";
		};
		"NatParkSwiftKit::NatParkSwiftKitTests" /* NatParkSwiftKitTests */ = {
			isa = PBXNativeTarget;
			buildConfigurationList = OBJ_74 /* Build configuration list for PBXNativeTarget "NatParkSwiftKitTests" */;
			buildPhases = (
				OBJ_77 /* Sources */,
				OBJ_82 /* Frameworks */,
			);
			buildRules = (
			);
			dependencies = (
				OBJ_84 /* PBXTargetDependency */,
			);
			name = NatParkSwiftKitTests;
			productName = NatParkSwiftKitTests;
			productReference = "NatParkSwiftKit::NatParkSwiftKitTests::Product" /* NatParkSwiftKitTests.xctest */;
			productType = "com.apple.product-type.bundle.unit-test";
		};
		"NatParkSwiftKit::SwiftPMPackageDescription" /* NatParkSwiftKitPackageDescription */ = {
			isa = PBXNativeTarget;
			buildConfigurationList = OBJ_63 /* Build configuration list for PBXNativeTarget "NatParkSwiftKitPackageDescription" */;
			buildPhases = (
				OBJ_66 /* Sources */,
			);
			buildRules = (
			);
			dependencies = (
			);
			name = NatParkSwiftKitPackageDescription;
			productName = NatParkSwiftKitPackageDescription;
			productType = "com.apple.product-type.framework";
		};
/* End PBXNativeTarget section */

/* Begin PBXProject section */
		OBJ_1 /* Project object */ = {
			isa = PBXProject;
			attributes = {
				LastSwiftMigration = 9999;
				LastUpgradeCheck = 9999;
			};
			buildConfigurationList = OBJ_2 /* Build configuration list for PBXProject "NatParkSwiftKit" */;
			compatibilityVersion = "Xcode 3.2";
			developmentRegion = en;
			hasScannedForEncodings = 0;
			knownRegions = (
				en,
			);
			mainGroup = OBJ_5;
			productRefGroup = OBJ_33 /* Products */;
			projectDirPath = "";
			projectRoot = "";
			targets = (
				"NatParkSwiftKit::NatParkSwiftKit" /* NatParkSwiftKit */,
				"NatParkSwiftKit::SwiftPMPackageDescription" /* NatParkSwiftKitPackageDescription */,
				"NatParkSwiftKit::NatParkSwiftKitPackageTests::ProductTarget" /* NatParkSwiftKitPackageTests */,
				"NatParkSwiftKit::NatParkSwiftKitTests" /* NatParkSwiftKitTests */,
			);
		};
/* End PBXProject section */

/* Begin PBXSourcesBuildPhase section */
		OBJ_44 /* Sources */ = {
			isa = PBXSourcesBuildPhase;
			buildActionMask = 0;
			files = (
				OBJ_45 /* DataService.swift in Sources */,
				OBJ_46 /* DataServiceError.swift in Sources */,
				OBJ_47 /* Internal.swift in Sources */,
				OBJ_48 /* RequestUrlFactory.swift in Sources */,
				OBJ_49 /* Alert.swift in Sources */,
				OBJ_50 /* Asset.swift in Sources */,
				OBJ_51 /* Fee.swift in Sources */,
				OBJ_52 /* NewsRelease.swift in Sources */,
				OBJ_53 /* NpsImage.swift in Sources */,
				OBJ_54 /* Park.swift in Sources */,
				OBJ_55 /* ParkCodeConstants.swift in Sources */,
				OBJ_56 /* ParkUnitDesignation.swift in Sources */,
				OBJ_57 /* RequestOption.swift in Sources */,
				OBJ_58 /* RequestableField.swift in Sources */,
				OBJ_59 /* StateInUSA.swift in Sources */,
				OBJ_60 /* VisitorCenter.swift in Sources */,
			);
			runOnlyForDeploymentPostprocessing = 0;
		};
		OBJ_66 /* Sources */ = {
			isa = PBXSourcesBuildPhase;
			buildActionMask = 0;
			files = (
				OBJ_67 /* Package.swift in Sources */,
			);
			runOnlyForDeploymentPostprocessing = 0;
		};
		OBJ_77 /* Sources */ = {
			isa = PBXSourcesBuildPhase;
			buildActionMask = 0;
			files = (
				8AED845A23E1A80C002A9380 /* ParkTests.swift in Sources */,
				OBJ_78 /* DataServiceTests.swift in Sources */,
				OBJ_79 /* ParkUnitDesignationTests.swift in Sources */,
				OBJ_80 /* StateInUSATests.swift in Sources */,
				OBJ_81 /* XCTestManifests.swift in Sources */,
			);
			runOnlyForDeploymentPostprocessing = 0;
		};
/* End PBXSourcesBuildPhase section */

/* Begin PBXTargetDependency section */
		OBJ_72 /* PBXTargetDependency */ = {
			isa = PBXTargetDependency;
			target = "NatParkSwiftKit::NatParkSwiftKitTests" /* NatParkSwiftKitTests */;
			targetProxy = 8A5800C823DCA58B00969D4B /* PBXContainerItemProxy */;
		};
		OBJ_84 /* PBXTargetDependency */ = {
			isa = PBXTargetDependency;
			target = "NatParkSwiftKit::NatParkSwiftKit" /* NatParkSwiftKit */;
			targetProxy = 8A5800C723DCA58000969D4B /* PBXContainerItemProxy */;
		};
/* End PBXTargetDependency section */

/* Begin XCBuildConfiguration section */
		OBJ_3 /* Debug */ = {
			isa = XCBuildConfiguration;
			buildSettings = {
				CLANG_ENABLE_OBJC_ARC = YES;
				COMBINE_HIDPI_IMAGES = YES;
				COPY_PHASE_STRIP = NO;
				DEBUG_INFORMATION_FORMAT = dwarf;
				DYLIB_INSTALL_NAME_BASE = "@rpath";
				ENABLE_NS_ASSERTIONS = YES;
				GCC_OPTIMIZATION_LEVEL = 0;
				GCC_PREPROCESSOR_DEFINITIONS = (
					"$(inherited)",
					"SWIFT_PACKAGE=1",
					"DEBUG=1",
				);
				MACOSX_DEPLOYMENT_TARGET = 10.10;
				ONLY_ACTIVE_ARCH = YES;
				OTHER_SWIFT_FLAGS = "$(inherited) -DXcode";
				PRODUCT_NAME = "$(TARGET_NAME)";
				SDKROOT = macosx;
				SUPPORTED_PLATFORMS = "macosx iphoneos iphonesimulator appletvos appletvsimulator watchos watchsimulator";
				SWIFT_ACTIVE_COMPILATION_CONDITIONS = "$(inherited) SWIFT_PACKAGE DEBUG";
				SWIFT_OPTIMIZATION_LEVEL = "-Onone";
				USE_HEADERMAP = NO;
			};
			name = Debug;
		};
		OBJ_4 /* Release */ = {
			isa = XCBuildConfiguration;
			buildSettings = {
				CLANG_ENABLE_OBJC_ARC = YES;
				COMBINE_HIDPI_IMAGES = YES;
				COPY_PHASE_STRIP = YES;
				DEBUG_INFORMATION_FORMAT = "dwarf-with-dsym";
				DYLIB_INSTALL_NAME_BASE = "@rpath";
				GCC_OPTIMIZATION_LEVEL = s;
				GCC_PREPROCESSOR_DEFINITIONS = (
					"$(inherited)",
					"SWIFT_PACKAGE=1",
				);
				MACOSX_DEPLOYMENT_TARGET = 10.10;
				OTHER_SWIFT_FLAGS = "$(inherited) -DXcode";
				PRODUCT_NAME = "$(TARGET_NAME)";
				SDKROOT = macosx;
				SUPPORTED_PLATFORMS = "macosx iphoneos iphonesimulator appletvos appletvsimulator watchos watchsimulator";
				SWIFT_ACTIVE_COMPILATION_CONDITIONS = "$(inherited) SWIFT_PACKAGE";
				SWIFT_OPTIMIZATION_LEVEL = "-Owholemodule";
				USE_HEADERMAP = NO;
			};
			name = Release;
		};
		OBJ_42 /* Debug */ = {
			isa = XCBuildConfiguration;
			buildSettings = {
				ENABLE_TESTABILITY = YES;
				FRAMEWORK_SEARCH_PATHS = (
					"$(inherited)",
					"$(PLATFORM_DIR)/Developer/Library/Frameworks",
				);
				HEADER_SEARCH_PATHS = "$(inherited)";
				INFOPLIST_FILE = NatParkSwiftKit.xcodeproj/NatParkSwiftKit_Info.plist;
				IPHONEOS_DEPLOYMENT_TARGET = 13.0;
				LD_RUNPATH_SEARCH_PATHS = "$(inherited) $(TOOLCHAIN_DIR)/usr/lib/swift/macosx";
				MACOSX_DEPLOYMENT_TARGET = 10.15;
				OTHER_CFLAGS = "$(inherited)";
				OTHER_LDFLAGS = "$(inherited)";
				OTHER_SWIFT_FLAGS = "$(inherited)";
				PRODUCT_BUNDLE_IDENTIFIER = NatParkSwiftKit;
				PRODUCT_MODULE_NAME = "$(TARGET_NAME:c99extidentifier)";
				PRODUCT_NAME = "$(TARGET_NAME:c99extidentifier)";
				SKIP_INSTALL = YES;
				SWIFT_ACTIVE_COMPILATION_CONDITIONS = "$(inherited)";
				SWIFT_VERSION = 5.0;
				TARGET_NAME = NatParkSwiftKit;
				TVOS_DEPLOYMENT_TARGET = 9.0;
				WATCHOS_DEPLOYMENT_TARGET = 2.0;
			};
			name = Debug;
		};
		OBJ_43 /* Release */ = {
			isa = XCBuildConfiguration;
			buildSettings = {
				ENABLE_TESTABILITY = YES;
				FRAMEWORK_SEARCH_PATHS = (
					"$(inherited)",
					"$(PLATFORM_DIR)/Developer/Library/Frameworks",
				);
				HEADER_SEARCH_PATHS = "$(inherited)";
				INFOPLIST_FILE = NatParkSwiftKit.xcodeproj/NatParkSwiftKit_Info.plist;
				IPHONEOS_DEPLOYMENT_TARGET = 13.0;
				LD_RUNPATH_SEARCH_PATHS = "$(inherited) $(TOOLCHAIN_DIR)/usr/lib/swift/macosx";
				MACOSX_DEPLOYMENT_TARGET = 10.15;
				OTHER_CFLAGS = "$(inherited)";
				OTHER_LDFLAGS = "$(inherited)";
				OTHER_SWIFT_FLAGS = "$(inherited)";
				PRODUCT_BUNDLE_IDENTIFIER = NatParkSwiftKit;
				PRODUCT_MODULE_NAME = "$(TARGET_NAME:c99extidentifier)";
				PRODUCT_NAME = "$(TARGET_NAME:c99extidentifier)";
				SKIP_INSTALL = YES;
				SWIFT_ACTIVE_COMPILATION_CONDITIONS = "$(inherited)";
				SWIFT_VERSION = 5.0;
				TARGET_NAME = NatParkSwiftKit;
				TVOS_DEPLOYMENT_TARGET = 9.0;
				WATCHOS_DEPLOYMENT_TARGET = 2.0;
			};
			name = Release;
		};
		OBJ_64 /* Debug */ = {
			isa = XCBuildConfiguration;
			buildSettings = {
				LD = /usr/bin/true;
				OTHER_SWIFT_FLAGS = "-swift-version 5 -I $(TOOLCHAIN_DIR)/usr/lib/swift/pm/4_2 -target x86_64-apple-macosx10.10 -sdk /Applications/Xcode.app/Contents/Developer/Platforms/MacOSX.platform/Developer/SDKs/MacOSX10.15.sdk -package-description-version 5.1";
				SWIFT_VERSION = 5.0;
			};
			name = Debug;
		};
		OBJ_65 /* Release */ = {
			isa = XCBuildConfiguration;
			buildSettings = {
				LD = /usr/bin/true;
				OTHER_SWIFT_FLAGS = "-swift-version 5 -I $(TOOLCHAIN_DIR)/usr/lib/swift/pm/4_2 -target x86_64-apple-macosx10.10 -sdk /Applications/Xcode.app/Contents/Developer/Platforms/MacOSX.platform/Developer/SDKs/MacOSX10.15.sdk -package-description-version 5.1";
				SWIFT_VERSION = 5.0;
			};
			name = Release;
		};
		OBJ_70 /* Debug */ = {
			isa = XCBuildConfiguration;
			buildSettings = {
			};
			name = Debug;
		};
		OBJ_71 /* Release */ = {
			isa = XCBuildConfiguration;
			buildSettings = {
			};
			name = Release;
		};
		OBJ_75 /* Debug */ = {
			isa = XCBuildConfiguration;
			buildSettings = {
				CLANG_ENABLE_MODULES = YES;
				EMBEDDED_CONTENT_CONTAINS_SWIFT = YES;
				FRAMEWORK_SEARCH_PATHS = (
					"$(inherited)",
					"$(PLATFORM_DIR)/Developer/Library/Frameworks",
				);
				HEADER_SEARCH_PATHS = "$(inherited)";
				INFOPLIST_FILE = NatParkSwiftKit.xcodeproj/NatParkSwiftKitTests_Info.plist;
				IPHONEOS_DEPLOYMENT_TARGET = 13.0;
				LD_RUNPATH_SEARCH_PATHS = "$(inherited) @loader_path/../Frameworks @loader_path/Frameworks";
				MACOSX_DEPLOYMENT_TARGET = 10.15;
				OTHER_CFLAGS = "$(inherited)";
				OTHER_LDFLAGS = "$(inherited)";
				OTHER_SWIFT_FLAGS = "$(inherited)";
				SWIFT_ACTIVE_COMPILATION_CONDITIONS = "$(inherited)";
				SWIFT_VERSION = 5.0;
				TARGET_NAME = NatParkSwiftKitTests;
				TVOS_DEPLOYMENT_TARGET = 9.0;
				WATCHOS_DEPLOYMENT_TARGET = 2.0;
			};
			name = Debug;
		};
		OBJ_76 /* Release */ = {
			isa = XCBuildConfiguration;
			buildSettings = {
				CLANG_ENABLE_MODULES = YES;
				EMBEDDED_CONTENT_CONTAINS_SWIFT = YES;
				FRAMEWORK_SEARCH_PATHS = (
					"$(inherited)",
					"$(PLATFORM_DIR)/Developer/Library/Frameworks",
				);
				HEADER_SEARCH_PATHS = "$(inherited)";
				INFOPLIST_FILE = NatParkSwiftKit.xcodeproj/NatParkSwiftKitTests_Info.plist;
				IPHONEOS_DEPLOYMENT_TARGET = 13.0;
				LD_RUNPATH_SEARCH_PATHS = "$(inherited) @loader_path/../Frameworks @loader_path/Frameworks";
				MACOSX_DEPLOYMENT_TARGET = 10.15;
				OTHER_CFLAGS = "$(inherited)";
				OTHER_LDFLAGS = "$(inherited)";
				OTHER_SWIFT_FLAGS = "$(inherited)";
				SWIFT_ACTIVE_COMPILATION_CONDITIONS = "$(inherited)";
				SWIFT_VERSION = 5.0;
				TARGET_NAME = NatParkSwiftKitTests;
				TVOS_DEPLOYMENT_TARGET = 9.0;
				WATCHOS_DEPLOYMENT_TARGET = 2.0;
			};
			name = Release;
		};
/* End XCBuildConfiguration section */

/* Begin XCConfigurationList section */
		OBJ_2 /* Build configuration list for PBXProject "NatParkSwiftKit" */ = {
			isa = XCConfigurationList;
			buildConfigurations = (
				OBJ_3 /* Debug */,
				OBJ_4 /* Release */,
			);
			defaultConfigurationIsVisible = 0;
			defaultConfigurationName = Release;
		};
		OBJ_41 /* Build configuration list for PBXNativeTarget "NatParkSwiftKit" */ = {
			isa = XCConfigurationList;
			buildConfigurations = (
				OBJ_42 /* Debug */,
				OBJ_43 /* Release */,
			);
			defaultConfigurationIsVisible = 0;
			defaultConfigurationName = Release;
		};
		OBJ_63 /* Build configuration list for PBXNativeTarget "NatParkSwiftKitPackageDescription" */ = {
			isa = XCConfigurationList;
			buildConfigurations = (
				OBJ_64 /* Debug */,
				OBJ_65 /* Release */,
			);
			defaultConfigurationIsVisible = 0;
			defaultConfigurationName = Release;
		};
		OBJ_69 /* Build configuration list for PBXAggregateTarget "NatParkSwiftKitPackageTests" */ = {
			isa = XCConfigurationList;
			buildConfigurations = (
				OBJ_70 /* Debug */,
				OBJ_71 /* Release */,
			);
			defaultConfigurationIsVisible = 0;
			defaultConfigurationName = Release;
		};
		OBJ_74 /* Build configuration list for PBXNativeTarget "NatParkSwiftKitTests" */ = {
			isa = XCConfigurationList;
			buildConfigurations = (
				OBJ_75 /* Debug */,
				OBJ_76 /* Release */,
			);
			defaultConfigurationIsVisible = 0;
			defaultConfigurationName = Release;
		};
/* End XCConfigurationList section */
	};
	rootObject = OBJ_1 /* Project object */;
}
